// !$*UTF8*$!
{
	archiveVersion = 1;
	classes = {
	};
	objectVersion = 56;
	objects = {

/* Begin PBXBuildFile section */
		32D2488A2A80DB86005871BB /* AppDelegate.swift in Sources */ = {isa = PBXBuildFile; fileRef = 32D248892A80DB86005871BB /* AppDelegate.swift */; };
		32D2488C2A80DB86005871BB /* SceneDelegate.swift in Sources */ = {isa = PBXBuildFile; fileRef = 32D2488B2A80DB86005871BB /* SceneDelegate.swift */; };
		32D2488E2A80DB86005871BB /* FirstViewController.swift in Sources */ = {isa = PBXBuildFile; fileRef = 32D2488D2A80DB86005871BB /* FirstViewController.swift */; };
		32D248912A80DB86005871BB /* Main.storyboard in Resources */ = {isa = PBXBuildFile; fileRef = 32D2488F2A80DB86005871BB /* Main.storyboard */; };
		32D248942A80DB86005871BB /* YoutubeVideoPlayer.xcdatamodeld in Sources */ = {isa = PBXBuildFile; fileRef = 32D248922A80DB86005871BB /* YoutubeVideoPlayer.xcdatamodeld */; };
		32D248962A80DB88005871BB /* Assets.xcassets in Resources */ = {isa = PBXBuildFile; fileRef = 32D248952A80DB88005871BB /* Assets.xcassets */; };
		32D248992A80DB88005871BB /* LaunchScreen.storyboard in Resources */ = {isa = PBXBuildFile; fileRef = 32D248972A80DB88005871BB /* LaunchScreen.storyboard */; };
		32D248A12A80DE81005871BB /* NetworkManager.swift in Sources */ = {isa = PBXBuildFile; fileRef = 32D248A02A80DE81005871BB /* NetworkManager.swift */; };
		32D248A32A80DEC2005871BB /* FileManager.swift in Sources */ = {isa = PBXBuildFile; fileRef = 32D248A22A80DEC2005871BB /* FileManager.swift */; };
		32D248A52A80E7B6005871BB /* SecondViewModel.swift in Sources */ = {isa = PBXBuildFile; fileRef = 32D248A42A80E7B6005871BB /* SecondViewModel.swift */; };
		32D248AB2A811731005871BB /* SecondViewController.swift in Sources */ = {isa = PBXBuildFile; fileRef = 32D248AA2A811731005871BB /* SecondViewController.swift */; };
		32D248AE2A8162FD005871BB /* Video+CoreDataClass.swift in Sources */ = {isa = PBXBuildFile; fileRef = 32D248AC2A8162FD005871BB /* Video+CoreDataClass.swift */; };
		32D248AF2A8162FD005871BB /* Video+CoreDataProperties.swift in Sources */ = {isa = PBXBuildFile; fileRef = 32D248AD2A8162FD005871BB /* Video+CoreDataProperties.swift */; };
		32D248B12A816363005871BB /* CoreDataManager.swift in Sources */ = {isa = PBXBuildFile; fileRef = 32D248B02A816363005871BB /* CoreDataManager.swift */; };
		32D248B32A816C86005871BB /* VideoTableViewCell.swift in Sources */ = {isa = PBXBuildFile; fileRef = 32D248B22A816C86005871BB /* VideoTableViewCell.swift */; };
/* End PBXBuildFile section */

/* Begin PBXFileReference section */
		32D248862A80DB86005871BB /* YoutubeVideoPlayer.app */ = {isa = PBXFileReference; explicitFileType = wrapper.application; includeInIndex = 0; path = YoutubeVideoPlayer.app; sourceTree = BUILT_PRODUCTS_DIR; };
		32D248892A80DB86005871BB /* AppDelegate.swift */ = {isa = PBXFileReference; lastKnownFileType = sourcecode.swift; path = AppDelegate.swift; sourceTree = "<group>"; };
		32D2488B2A80DB86005871BB /* SceneDelegate.swift */ = {isa = PBXFileReference; lastKnownFileType = sourcecode.swift; path = SceneDelegate.swift; sourceTree = "<group>"; };
		32D2488D2A80DB86005871BB /* FirstViewController.swift */ = {isa = PBXFileReference; lastKnownFileType = sourcecode.swift; path = FirstViewController.swift; sourceTree = "<group>"; };
		32D248902A80DB86005871BB /* Base */ = {isa = PBXFileReference; lastKnownFileType = file.storyboard; name = Base; path = Base.lproj/Main.storyboard; sourceTree = "<group>"; };
		32D248932A80DB86005871BB /* YoutubeVideoPlayer.xcdatamodel */ = {isa = PBXFileReference; lastKnownFileType = wrapper.xcdatamodel; path = YoutubeVideoPlayer.xcdatamodel; sourceTree = "<group>"; };
		32D248952A80DB88005871BB /* Assets.xcassets */ = {isa = PBXFileReference; lastKnownFileType = folder.assetcatalog; path = Assets.xcassets; sourceTree = "<group>"; };
		32D248982A80DB88005871BB /* Base */ = {isa = PBXFileReference; lastKnownFileType = file.storyboard; name = Base; path = Base.lproj/LaunchScreen.storyboard; sourceTree = "<group>"; };
		32D2489A2A80DB88005871BB /* Info.plist */ = {isa = PBXFileReference; lastKnownFileType = text.plist.xml; path = Info.plist; sourceTree = "<group>"; };
		32D248A02A80DE81005871BB /* NetworkManager.swift */ = {isa = PBXFileReference; lastKnownFileType = sourcecode.swift; path = NetworkManager.swift; sourceTree = "<group>"; };
		32D248A22A80DEC2005871BB /* FileManager.swift */ = {isa = PBXFileReference; lastKnownFileType = sourcecode.swift; path = FileManager.swift; sourceTree = "<group>"; };
		32D248A42A80E7B6005871BB /* SecondViewModel.swift */ = {isa = PBXFileReference; lastKnownFileType = sourcecode.swift; path = SecondViewModel.swift; sourceTree = "<group>"; };
		32D248AA2A811731005871BB /* SecondViewController.swift */ = {isa = PBXFileReference; lastKnownFileType = sourcecode.swift; path = SecondViewController.swift; sourceTree = "<group>"; };
		32D248AC2A8162FD005871BB /* Video+CoreDataClass.swift */ = {isa = PBXFileReference; lastKnownFileType = sourcecode.swift; path = "Video+CoreDataClass.swift"; sourceTree = SOURCE_ROOT; };
		32D248AD2A8162FD005871BB /* Video+CoreDataProperties.swift */ = {isa = PBXFileReference; lastKnownFileType = sourcecode.swift; path = "Video+CoreDataProperties.swift"; sourceTree = SOURCE_ROOT; };
		32D248B02A816363005871BB /* CoreDataManager.swift */ = {isa = PBXFileReference; lastKnownFileType = sourcecode.swift; path = CoreDataManager.swift; sourceTree = "<group>"; };
		32D248B22A816C86005871BB /* VideoTableViewCell.swift */ = {isa = PBXFileReference; lastKnownFileType = sourcecode.swift; path = VideoTableViewCell.swift; sourceTree = "<group>"; };
/* End PBXFileReference section */

/* Begin PBXFrameworksBuildPhase section */
		32D248832A80DB86005871BB /* Frameworks */ = {
			isa = PBXFrameworksBuildPhase;
			buildActionMask = 2147483647;
			files = (
			);
			runOnlyForDeploymentPostprocessing = 0;
		};
/* End PBXFrameworksBuildPhase section */

/* Begin PBXGroup section */
		32D2487D2A80DB86005871BB = {
			isa = PBXGroup;
			children = (
				32D248882A80DB86005871BB /* YoutubeVideoPlayer */,
				32D248872A80DB86005871BB /* Products */,
			);
			sourceTree = "<group>";
		};
		32D248872A80DB86005871BB /* Products */ = {
			isa = PBXGroup;
			children = (
				32D248862A80DB86005871BB /* YoutubeVideoPlayer.app */,
			);
			name = Products;
			sourceTree = "<group>";
		};
		32D248882A80DB86005871BB /* YoutubeVideoPlayer */ = {
			isa = PBXGroup;
			children = (
				32D248AC2A8162FD005871BB /* Video+CoreDataClass.swift */,
				32D248AD2A8162FD005871BB /* Video+CoreDataProperties.swift */,
				32D248892A80DB86005871BB /* AppDelegate.swift */,
				32D2488B2A80DB86005871BB /* SceneDelegate.swift */,
				32D2488D2A80DB86005871BB /* FirstViewController.swift */,
				32D248B02A816363005871BB /* CoreDataManager.swift */,
				32D248A42A80E7B6005871BB /* SecondViewModel.swift */,
				32D248A22A80DEC2005871BB /* FileManager.swift */,
				32D248AA2A811731005871BB /* SecondViewController.swift */,
				32D248B22A816C86005871BB /* VideoTableViewCell.swift */,
				32D248A02A80DE81005871BB /* NetworkManager.swift */,
				32D2488F2A80DB86005871BB /* Main.storyboard */,
				32D248952A80DB88005871BB /* Assets.xcassets */,
				32D248972A80DB88005871BB /* LaunchScreen.storyboard */,
				32D2489A2A80DB88005871BB /* Info.plist */,
				32D248922A80DB86005871BB /* YoutubeVideoPlayer.xcdatamodeld */,
			);
			path = YoutubeVideoPlayer;
			sourceTree = "<group>";
		};
/* End PBXGroup section */

/* Begin PBXNativeTarget section */
		32D248852A80DB86005871BB /* YoutubeVideoPlayer */ = {
			isa = PBXNativeTarget;
			buildConfigurationList = 32D2489D2A80DB88005871BB /* Build configuration list for PBXNativeTarget "YoutubeVideoPlayer" */;
			buildPhases = (
				32D248822A80DB86005871BB /* Sources */,
				32D248832A80DB86005871BB /* Frameworks */,
				32D248842A80DB86005871BB /* Resources */,
			);
			buildRules = (
			);
			dependencies = (
			);
			name = YoutubeVideoPlayer;
			productName = YoutubeVideoPlayer;
			productReference = 32D248862A80DB86005871BB /* YoutubeVideoPlayer.app */;
			productType = "com.apple.product-type.application";
		};
/* End PBXNativeTarget section */

/* Begin PBXProject section */
		32D2487E2A80DB86005871BB /* Project object */ = {
			isa = PBXProject;
			attributes = {
				BuildIndependentTargetsInParallel = 1;
				LastSwiftUpdateCheck = 1430;
				LastUpgradeCheck = 1430;
				TargetAttributes = {
					32D248852A80DB86005871BB = {
						CreatedOnToolsVersion = 14.3.1;
					};
				};
			};
			buildConfigurationList = 32D248812A80DB86005871BB /* Build configuration list for PBXProject "YoutubeVideoPlayer" */;
			compatibilityVersion = "Xcode 14.0";
			developmentRegion = en;
			hasScannedForEncodings = 0;
			knownRegions = (
				en,
				Base,
			);
			mainGroup = 32D2487D2A80DB86005871BB;
			productRefGroup = 32D248872A80DB86005871BB /* Products */;
			projectDirPath = "";
			projectRoot = "";
			targets = (
				32D248852A80DB86005871BB /* YoutubeVideoPlayer */,
			);
		};
/* End PBXProject section */

/* Begin PBXResourcesBuildPhase section */
		32D248842A80DB86005871BB /* Resources */ = {
			isa = PBXResourcesBuildPhase;
			buildActionMask = 2147483647;
			files = (
				32D248992A80DB88005871BB /* LaunchScreen.storyboard in Resources */,
				32D248962A80DB88005871BB /* Assets.xcassets in Resources */,
				32D248912A80DB86005871BB /* Main.storyboard in Resources */,
			);
			runOnlyForDeploymentPostprocessing = 0;
		};
/* End PBXResourcesBuildPhase section */

/* Begin PBXSourcesBuildPhase section */
		32D248822A80DB86005871BB /* Sources */ = {
			isa = PBXSourcesBuildPhase;
			buildActionMask = 2147483647;
			files = (
				32D248942A80DB86005871BB /* YoutubeVideoPlayer.xcdatamodeld in Sources */,
				32D2488E2A80DB86005871BB /* FirstViewController.swift in Sources */,
				32D248AE2A8162FD005871BB /* Video+CoreDataClass.swift in Sources */,
				32D248A12A80DE81005871BB /* NetworkManager.swift in Sources */,
				32D248A32A80DEC2005871BB /* FileManager.swift in Sources */,
				32D2488A2A80DB86005871BB /* AppDelegate.swift in Sources */,
				32D248B12A816363005871BB /* CoreDataManager.swift in Sources */,
				32D2488C2A80DB86005871BB /* SceneDelegate.swift in Sources */,
				32D248B32A816C86005871BB /* VideoTableViewCell.swift in Sources */,
				32D248A52A80E7B6005871BB /* SecondViewModel.swift in Sources */,
				32D248AB2A811731005871BB /* SecondViewController.swift in Sources */,
				32D248AF2A8162FD005871BB /* Video+CoreDataProperties.swift in Sources */,
			);
			runOnlyForDeploymentPostprocessing = 0;
		};
/* End PBXSourcesBuildPhase section */

/* Begin PBXVariantGroup section */
		32D2488F2A80DB86005871BB /* Main.storyboard */ = {
			isa = PBXVariantGroup;
			children = (
				32D248902A80DB86005871BB /* Base */,
			);
			name = Main.storyboard;
			sourceTree = "<group>";
		};
		32D248972A80DB88005871BB /* LaunchScreen.storyboard */ = {
			isa = PBXVariantGroup;
			children = (
				32D248982A80DB88005871BB /* Base */,
			);
			name = LaunchScreen.storyboard;
			sourceTree = "<group>";
		};
/* End PBXVariantGroup section */

/* Begin XCBuildConfiguration section */
		32D2489B2A80DB88005871BB /* Debug */ = {
			isa = XCBuildConfiguration;
			buildSettings = {
				ALWAYS_SEARCH_USER_PATHS = NO;
				CLANG_ANALYZER_NONNULL = YES;
				CLANG_ANALYZER_NUMBER_OBJECT_CONVERSION = YES_AGGRESSIVE;
				CLANG_CXX_LANGUAGE_STANDARD = "gnu++20";
				CLANG_ENABLE_MODULES = YES;
				CLANG_ENABLE_OBJC_ARC = YES;
				CLANG_ENABLE_OBJC_WEAK = YES;
				CLANG_WARN_BLOCK_CAPTURE_AUTORELEASING = YES;
				CLANG_WARN_BOOL_CONVERSION = YES;
				CLANG_WARN_COMMA = YES;
				CLANG_WARN_CONSTANT_CONVERSION = YES;
				CLANG_WARN_DEPRECATED_OBJC_IMPLEMENTATIONS = YES;
				CLANG_WARN_DIRECT_OBJC_ISA_USAGE = YES_ERROR;
				CLANG_WARN_DOCUMENTATION_COMMENTS = YES;
				CLANG_WARN_EMPTY_BODY = YES;
				CLANG_WARN_ENUM_CONVERSION = YES;
				CLANG_WARN_INFINITE_RECURSION = YES;
				CLANG_WARN_INT_CONVERSION = YES;
				CLANG_WARN_NON_LITERAL_NULL_CONVERSION = YES;
				CLANG_WARN_OBJC_IMPLICIT_RETAIN_SELF = YES;
				CLANG_WARN_OBJC_LITERAL_CONVERSION = YES;
				CLANG_WARN_OBJC_ROOT_CLASS = YES_ERROR;
				CLANG_WARN_QUOTED_INCLUDE_IN_FRAMEWORK_HEADER = YES;
				CLANG_WARN_RANGE_LOOP_ANALYSIS = YES;
				CLANG_WARN_STRICT_PROTOTYPES = YES;
				CLANG_WARN_SUSPICIOUS_MOVE = YES;
				CLANG_WARN_UNGUARDED_AVAILABILITY = YES_AGGRESSIVE;
				CLANG_WARN_UNREACHABLE_CODE = YES;
				CLANG_WARN__DUPLICATE_METHOD_MATCH = YES;
				COPY_PHASE_STRIP = NO;
				DEBUG_INFORMATION_FORMAT = dwarf;
				ENABLE_STRICT_OBJC_MSGSEND = YES;
				ENABLE_TESTABILITY = YES;
				GCC_C_LANGUAGE_STANDARD = gnu11;
				GCC_DYNAMIC_NO_PIC = NO;
				GCC_NO_COMMON_BLOCKS = YES;
				GCC_OPTIMIZATION_LEVEL = 0;
				GCC_PREPROCESSOR_DEFINITIONS = (
					"DEBUG=1",
					"$(inherited)",
				);
				GCC_WARN_64_TO_32_BIT_CONVERSION = YES;
				GCC_WARN_ABOUT_RETURN_TYPE = YES_ERROR;
				GCC_WARN_UNDECLARED_SELECTOR = YES;
				GCC_WARN_UNINITIALIZED_AUTOS = YES_AGGRESSIVE;
				GCC_WARN_UNUSED_FUNCTION = YES;
				GCC_WARN_UNUSED_VARIABLE = YES;
				IPHONEOS_DEPLOYMENT_TARGET = 16.4;
				MTL_ENABLE_DEBUG_INFO = INCLUDE_SOURCE;
				MTL_FAST_MATH = YES;
				ONLY_ACTIVE_ARCH = YES;
				SDKROOT = iphoneos;
				SWIFT_ACTIVE_COMPILATION_CONDITIONS = DEBUG;
				SWIFT_OPTIMIZATION_LEVEL = "-Onone";
			};
			name = Debug;
		};
		32D2489C2A80DB88005871BB /* Release */ = {
			isa = XCBuildConfiguration;
			buildSettings = {
				ALWAYS_SEARCH_USER_PATHS = NO;
				CLANG_ANALYZER_NONNULL = YES;
				CLANG_ANALYZER_NUMBER_OBJECT_CONVERSION = YES_AGGRESSIVE;
				CLANG_CXX_LANGUAGE_STANDARD = "gnu++20";
				CLANG_ENABLE_MODULES = YES;
				CLANG_ENABLE_OBJC_ARC = YES;
				CLANG_ENABLE_OBJC_WEAK = YES;
				CLANG_WARN_BLOCK_CAPTURE_AUTORELEASING = YES;
				CLANG_WARN_BOOL_CONVERSION = YES;
				CLANG_WARN_COMMA = YES;
				CLANG_WARN_CONSTANT_CONVERSION = YES;
				CLANG_WARN_DEPRECATED_OBJC_IMPLEMENTATIONS = YES;
				CLANG_WARN_DIRECT_OBJC_ISA_USAGE = YES_ERROR;
				CLANG_WARN_DOCUMENTATION_COMMENTS = YES;
				CLANG_WARN_EMPTY_BODY = YES;
				CLANG_WARN_ENUM_CONVERSION = YES;
				CLANG_WARN_INFINITE_RECURSION = YES;
				CLANG_WARN_INT_CONVERSION = YES;
				CLANG_WARN_NON_LITERAL_NULL_CONVERSION = YES;
				CLANG_WARN_OBJC_IMPLICIT_RETAIN_SELF = YES;
				CLANG_WARN_OBJC_LITERAL_CONVERSION = YES;
				CLANG_WARN_OBJC_ROOT_CLASS = YES_ERROR;
				CLANG_WARN_QUOTED_INCLUDE_IN_FRAMEWORK_HEADER = YES;
				CLANG_WARN_RANGE_LOOP_ANALYSIS = YES;
				CLANG_WARN_STRICT_PROTOTYPES = YES;
				CLANG_WARN_SUSPICIOUS_MOVE = YES;
				CLANG_WARN_UNGUARDED_AVAILABILITY = YES_AGGRESSIVE;
				CLANG_WARN_UNREACHABLE_CODE = YES;
				CLANG_WARN__DUPLICATE_METHOD_MATCH = YES;
				COPY_PHASE_STRIP = NO;
				DEBUG_INFORMATION_FORMAT = "dwarf-with-dsym";
				ENABLE_NS_ASSERTIONS = NO;
				ENABLE_STRICT_OBJC_MSGSEND = YES;
				GCC_C_LANGUAGE_STANDARD = gnu11;
				GCC_NO_COMMON_BLOCKS = YES;
				GCC_WARN_64_TO_32_BIT_CONVERSION = YES;
				GCC_WARN_ABOUT_RETURN_TYPE = YES_ERROR;
				GCC_WARN_UNDECLARED_SELECTOR = YES;
				GCC_WARN_UNINITIALIZED_AUTOS = YES_AGGRESSIVE;
				GCC_WARN_UNUSED_FUNCTION = YES;
				GCC_WARN_UNUSED_VARIABLE = YES;
				IPHONEOS_DEPLOYMENT_TARGET = 16.4;
				MTL_ENABLE_DEBUG_INFO = NO;
				MTL_FAST_MATH = YES;
				SDKROOT = iphoneos;
				SWIFT_COMPILATION_MODE = wholemodule;
				SWIFT_OPTIMIZATION_LEVEL = "-O";
				VALIDATE_PRODUCT = YES;
			};
			name = Release;
		};
		32D2489E2A80DB88005871BB /* Debug */ = {
			isa = XCBuildConfiguration;
			buildSettings = {
				ASSETCATALOG_COMPILER_APPICON_NAME = AppIcon;
				ASSETCATALOG_COMPILER_GLOBAL_ACCENT_COLOR_NAME = AccentColor;
				CODE_SIGN_STYLE = Automatic;
				CURRENT_PROJECT_VERSION = 1;
				DEVELOPMENT_TEAM = F638V29VVL;
				GENERATE_INFOPLIST_FILE = YES;
				INFOPLIST_FILE = YoutubeVideoPlayer/Info.plist;
				INFOPLIST_KEY_UIApplicationSupportsIndirectInputEvents = YES;
				INFOPLIST_KEY_UILaunchStoryboardName = LaunchScreen;
				INFOPLIST_KEY_UIMainStoryboardFile = Main;
				INFOPLIST_KEY_UISupportedInterfaceOrientations_iPad = "UIInterfaceOrientationPortrait UIInterfaceOrientationPortraitUpsideDown UIInterfaceOrientationLandscapeLeft UIInterfaceOrientationLandscapeRight";
				INFOPLIST_KEY_UISupportedInterfaceOrientations_iPhone = "UIInterfaceOrientationPortrait UIInterfaceOrientationLandscapeLeft UIInterfaceOrientationLandscapeRight";
				LD_RUNPATH_SEARCH_PATHS = (
					"$(inherited)",
					"@executable_path/Frameworks",
				);
				MARKETING_VERSION = 1.0;
				PRODUCT_BUNDLE_IDENTIFIER = com.mactyagi.YoutubeVideoPlayer;
				PRODUCT_NAME = "$(TARGET_NAME)";
				SWIFT_EMIT_LOC_STRINGS = YES;
				SWIFT_VERSION = 5.0;
				TARGETED_DEVICE_FAMILY = "1,2";
			};
			name = Debug;
		};
		32D2489F2A80DB88005871BB /* Release */ = {
			isa = XCBuildConfiguration;
			buildSettings = {
				ASSETCATALOG_COMPILER_APPICON_NAME = AppIcon;
				ASSETCATALOG_COMPILER_GLOBAL_ACCENT_COLOR_NAME = AccentColor;
				CODE_SIGN_STYLE = Automatic;
				CURRENT_PROJECT_VERSION = 1;
				DEVELOPMENT_TEAM = F638V29VVL;
				GENERATE_INFOPLIST_FILE = YES;
				INFOPLIST_FILE = YoutubeVideoPlayer/Info.plist;
				INFOPLIST_KEY_UIApplicationSupportsIndirectInputEvents = YES;
				INFOPLIST_KEY_UILaunchStoryboardName = LaunchScreen;
				INFOPLIST_KEY_UIMainStoryboardFile = Main;
				INFOPLIST_KEY_UISupportedInterfaceOrientations_iPad = "UIInterfaceOrientationPortrait UIInterfaceOrientationPortraitUpsideDown UIInterfaceOrientationLandscapeLeft UIInterfaceOrientationLandscapeRight";
				INFOPLIST_KEY_UISupportedInterfaceOrientations_iPhone = "UIInterfaceOrientationPortrait UIInterfaceOrientationLandscapeLeft UIInterfaceOrientationLandscapeRight";
				LD_RUNPATH_SEARCH_PATHS = (
					"$(inherited)",
					"@executable_path/Frameworks",
				);
				MARKETING_VERSION = 1.0;
				PRODUCT_BUNDLE_IDENTIFIER = com.mactyagi.YoutubeVideoPlayer;
				PRODUCT_NAME = "$(TARGET_NAME)";
				SWIFT_EMIT_LOC_STRINGS = YES;
				SWIFT_VERSION = 5.0;
				TARGETED_DEVICE_FAMILY = "1,2";
			};
			name = Release;
		};
/* End XCBuildConfiguration section */

/* Begin XCConfigurationList section */
		32D248812A80DB86005871BB /* Build configuration list for PBXProject "YoutubeVideoPlayer" */ = {
			isa = XCConfigurationList;
			buildConfigurations = (
				32D2489B2A80DB88005871BB /* Debug */,
				32D2489C2A80DB88005871BB /* Release */,
			);
			defaultConfigurationIsVisible = 0;
			defaultConfigurationName = Release;
		};
		32D2489D2A80DB88005871BB /* Build configuration list for PBXNativeTarget "YoutubeVideoPlayer" */ = {
			isa = XCConfigurationList;
			buildConfigurations = (
				32D2489E2A80DB88005871BB /* Debug */,
				32D2489F2A80DB88005871BB /* Release */,
			);
			defaultConfigurationIsVisible = 0;
			defaultConfigurationName = Release;
		};
/* End XCConfigurationList section */

/* Begin XCVersionGroup section */
		32D248922A80DB86005871BB /* YoutubeVideoPlayer.xcdatamodeld */ = {
			isa = XCVersionGroup;
			children = (
				32D248932A80DB86005871BB /* YoutubeVideoPlayer.xcdatamodel */,
			);
			currentVersion = 32D248932A80DB86005871BB /* YoutubeVideoPlayer.xcdatamodel */;
			path = YoutubeVideoPlayer.xcdatamodeld;
			sourceTree = "<group>";
			versionGroupType = wrapper.xcdatamodel;
		};
/* End XCVersionGroup section */
	};
	rootObject = 32D2487E2A80DB86005871BB /* Project object */;
}
